{
  "name": "acid-db",
  "version": "0.0.1-alpha.1",
  "lockfileVersion": 1,
  "requires": true,
  "dependencies": {
    "@types/lodash": {
      "version": "4.14.77",
      "resolved": "https://registry.npmjs.org/@types/lodash/-/lodash-4.14.77.tgz",
      "integrity": "sha512-sRCTcVQkIiQqRoQcazgN2PvRLS7d9BnSl8elRZR5UYlpm6XgU8F4j/0csz8WoaKKTUqa6rSuOy3Vph7AHfX7KQ=="
    },
    "lodash": {
      "version": "4.17.4",
      "resolved": "https://registry.npmjs.org/lodash/-/lodash-4.17.4.tgz",
      "integrity": "sha1-eCA6TRwyiuHYbcpkYONptX9AVa4="
    }
  }
}
